
Microsoft Visual Studio Solution File, Format Version 12.00
# Visual Studio Version 16
VisualStudioVersion = 16.0.30309.148
MinimumVisualStudioVersion = 10.0.40219.1
Project("{FAE04EC0-301F-11D3-BF4B-00C04F79EFBC}") = "Sistema de contabilidad Open Source", "Sistema de contabilidad Open Source\Sistema de contabilidad Open Source.csproj", "{3E6CAE7D-8815-41BE-B638-C986D78A99EC}"
EndProject
Global
	GlobalSection(SolutionConfigurationPlatforms) = preSolution
		Debug|Any CPU = Debug|Any CPU
		Release|Any CPU = Release|Any CPU
	EndGlobalSection
	GlobalSection(ProjectConfigurationPlatforms) = postSolution
		{3E6CAE7D-8815-41BE-B638-C986D78A99EC}.Debug|Any CPU.ActiveCfg = Debug|Any CPU
		{3E6CAE7D-8815-41BE-B638-C986D78A99EC}.Debug|Any CPU.Build.0 = Debug|Any CPU
		{3E6CAE7D-8815-41BE-B638-C986D78A99EC}.Release|Any CPU.ActiveCfg = Release|Any CPU
		{3E6CAE7D-8815-41BE-B638-C986D78A99EC}.Release|Any CPU.Build.0 = Release|Any CPU
	EndGlobalSection
	GlobalSection(SolutionProperties) = preSolution
		HideSolutionNode = FALSE
	EndGlobalSection
	GlobalSection(ExtensibilityGlobals) = postSolution
		SolutionGuid = {1C58F22E-8A81-49B0-A5E0-5AF10064BF83}
	EndGlobalSection
EndGlobal
